// !$*UTF8*$!
{
	archiveVersion = 1;
	classes = {
	};
	objectVersion = 50;
	objects = {

/* Begin PBXBuildFile section */
		476694E9215D1F43007A0729 /* PhotoSelectViewController.swift in Sources */ = {isa = PBXBuildFile; fileRef = 476694E8215D1F43007A0729 /* PhotoSelectViewController.swift */; };
		4794309A215C1E39009F6114 /* PostListTableViewController.swift in Sources */ = {isa = PBXBuildFile; fileRef = 47943099215C1E39009F6114 /* PostListTableViewController.swift */; };
		47C8C96E215B1BD0007502F6 /* AppDelegate.swift in Sources */ = {isa = PBXBuildFile; fileRef = 47C8C96D215B1BD0007502F6 /* AppDelegate.swift */; };
		47C8C973215B1BD0007502F6 /* Main.storyboard in Resources */ = {isa = PBXBuildFile; fileRef = 47C8C971215B1BD0007502F6 /* Main.storyboard */; };
		47C8C975215B1BD1007502F6 /* Assets.xcassets in Resources */ = {isa = PBXBuildFile; fileRef = 47C8C974215B1BD1007502F6 /* Assets.xcassets */; };
		47C8C978215B1BD1007502F6 /* LaunchScreen.storyboard in Resources */ = {isa = PBXBuildFile; fileRef = 47C8C976215B1BD1007502F6 /* LaunchScreen.storyboard */; };
		47C8C987215B1C2A007502F6 /* CloudKit.framework in Frameworks */ = {isa = PBXBuildFile; fileRef = 47C8C986215B1C2A007502F6 /* CloudKit.framework */; };
		47E5445C215C20C700218AEC /* PostDetailTableViewController.swift in Sources */ = {isa = PBXBuildFile; fileRef = 47E5445B215C20C700218AEC /* PostDetailTableViewController.swift */; };
		47E5445E215C213500218AEC /* AddPostTableViewController.swift in Sources */ = {isa = PBXBuildFile; fileRef = 47E5445D215C213500218AEC /* AddPostTableViewController.swift */; };
		47E54460215C219E00218AEC /* Post.swift in Sources */ = {isa = PBXBuildFile; fileRef = 47E5445F215C219E00218AEC /* Post.swift */; };
		47E54464215C2B4C00218AEC /* Comment.swift in Sources */ = {isa = PBXBuildFile; fileRef = 47E54463215C2B4C00218AEC /* Comment.swift */; };
		47E54467215C2FCB00218AEC /* PostController.swift in Sources */ = {isa = PBXBuildFile; fileRef = 47E54466215C2FCB00218AEC /* PostController.swift */; };
		47E5446A215C345C00218AEC /* SearchableRecord.swift in Sources */ = {isa = PBXBuildFile; fileRef = 47E54469215C345C00218AEC /* SearchableRecord.swift */; };
		47E5446D215C3E9400218AEC /* PostTableViewCell.swift in Sources */ = {isa = PBXBuildFile; fileRef = 47E5446C215C3E9400218AEC /* PostTableViewCell.swift */; };
		47E54470215C721300218AEC /* Extensions.swift in Sources */ = {isa = PBXBuildFile; fileRef = 47E5446F215C721300218AEC /* Extensions.swift */; };
/* End PBXBuildFile section */

/* Begin PBXFileReference section */
		476694E8215D1F43007A0729 /* PhotoSelectViewController.swift */ = {isa = PBXFileReference; lastKnownFileType = sourcecode.swift; path = PhotoSelectViewController.swift; sourceTree = "<group>"; };
		47943099215C1E39009F6114 /* PostListTableViewController.swift */ = {isa = PBXFileReference; lastKnownFileType = sourcecode.swift; path = PostListTableViewController.swift; sourceTree = "<group>"; };
		47C8C96A215B1BD0007502F6 /* Continuum.app */ = {isa = PBXFileReference; explicitFileType = wrapper.application; includeInIndex = 0; path = Continuum.app; sourceTree = BUILT_PRODUCTS_DIR; };
		47C8C96D215B1BD0007502F6 /* AppDelegate.swift */ = {isa = PBXFileReference; lastKnownFileType = sourcecode.swift; path = AppDelegate.swift; sourceTree = "<group>"; };
		47C8C972215B1BD0007502F6 /* Base */ = {isa = PBXFileReference; lastKnownFileType = file.storyboard; name = Base; path = Base.lproj/Main.storyboard; sourceTree = "<group>"; };
		47C8C974215B1BD1007502F6 /* Assets.xcassets */ = {isa = PBXFileReference; lastKnownFileType = folder.assetcatalog; path = Assets.xcassets; sourceTree = "<group>"; };
		47C8C977215B1BD1007502F6 /* Base */ = {isa = PBXFileReference; lastKnownFileType = file.storyboard; name = Base; path = Base.lproj/LaunchScreen.storyboard; sourceTree = "<group>"; };
		47C8C979215B1BD1007502F6 /* Info.plist */ = {isa = PBXFileReference; lastKnownFileType = text.plist.xml; path = Info.plist; sourceTree = "<group>"; };
		47C8C984215B1C27007502F6 /* Continuum.entitlements */ = {isa = PBXFileReference; lastKnownFileType = text.plist.entitlements; path = Continuum.entitlements; sourceTree = "<group>"; };
		47C8C986215B1C2A007502F6 /* CloudKit.framework */ = {isa = PBXFileReference; lastKnownFileType = wrapper.framework; name = CloudKit.framework; path = System/Library/Frameworks/CloudKit.framework; sourceTree = SDKROOT; };
		47E5445B215C20C700218AEC /* PostDetailTableViewController.swift */ = {isa = PBXFileReference; lastKnownFileType = sourcecode.swift; path = PostDetailTableViewController.swift; sourceTree = "<group>"; };
		47E5445D215C213500218AEC /* AddPostTableViewController.swift */ = {isa = PBXFileReference; lastKnownFileType = sourcecode.swift; path = AddPostTableViewController.swift; sourceTree = "<group>"; };
		47E5445F215C219E00218AEC /* Post.swift */ = {isa = PBXFileReference; lastKnownFileType = sourcecode.swift; path = Post.swift; sourceTree = "<group>"; };
		47E54463215C2B4C00218AEC /* Comment.swift */ = {isa = PBXFileReference; lastKnownFileType = sourcecode.swift; path = Comment.swift; sourceTree = "<group>"; };
		47E54466215C2FCB00218AEC /* PostController.swift */ = {isa = PBXFileReference; lastKnownFileType = sourcecode.swift; path = PostController.swift; sourceTree = "<group>"; };
		47E54469215C345C00218AEC /* SearchableRecord.swift */ = {isa = PBXFileReference; lastKnownFileType = sourcecode.swift; path = SearchableRecord.swift; sourceTree = "<group>"; };
		47E5446C215C3E9400218AEC /* PostTableViewCell.swift */ = {isa = PBXFileReference; lastKnownFileType = sourcecode.swift; path = PostTableViewCell.swift; sourceTree = "<group>"; };
		47E5446F215C721300218AEC /* Extensions.swift */ = {isa = PBXFileReference; lastKnownFileType = sourcecode.swift; path = Extensions.swift; sourceTree = "<group>"; };
/* End PBXFileReference section */

/* Begin PBXFrameworksBuildPhase section */
		47C8C967215B1BD0007502F6 /* Frameworks */ = {
			isa = PBXFrameworksBuildPhase;
			buildActionMask = 2147483647;
			files = (
				47C8C987215B1C2A007502F6 /* CloudKit.framework in Frameworks */,
			);
			runOnlyForDeploymentPostprocessing = 0;
		};
/* End PBXFrameworksBuildPhase section */

/* Begin PBXGroup section */
		475DE38D215D5C4700F7A81E /* Tools */ = {
			isa = PBXGroup;
			children = (
			);
			path = Tools;
			sourceTree = "<group>";
		};
		47C8C961215B1BD0007502F6 = {
			isa = PBXGroup;
			children = (
				47C8C96C215B1BD0007502F6 /* Continuum */,
				47C8C96B215B1BD0007502F6 /* Products */,
				47C8C985215B1C2A007502F6 /* Frameworks */,
			);
			sourceTree = "<group>";
		};
		47C8C96B215B1BD0007502F6 /* Products */ = {
			isa = PBXGroup;
			children = (
				47C8C96A215B1BD0007502F6 /* Continuum.app */,
			);
			name = Products;
			sourceTree = "<group>";
		};
		47C8C96C215B1BD0007502F6 /* Continuum */ = {
			isa = PBXGroup;
			children = (
				475DE38D215D5C4700F7A81E /* Tools */,
				47E5446E215C720500218AEC /* Extension */,
				47C8C984215B1C27007502F6 /* Continuum.entitlements */,
				47E5446B215C3E7600218AEC /* View */,
				47C8C983215B1C0A007502F6 /* Resources */,
				47C8C982215B1C02007502F6 /* ViewController */,
				47C8C981215B1BFA007502F6 /* ModelController */,
				47C8C980215B1BF3007502F6 /* Model */,
				47C8C97F215B1BE7007502F6 /* UI */,
			);
			path = Continuum;
			sourceTree = "<group>";
		};
		47C8C97F215B1BE7007502F6 /* UI */ = {
			isa = PBXGroup;
			children = (
				47C8C971215B1BD0007502F6 /* Main.storyboard */,
			);
			path = UI;
			sourceTree = "<group>";
		};
		47C8C980215B1BF3007502F6 /* Model */ = {
			isa = PBXGroup;
			children = (
				47E5445F215C219E00218AEC /* Post.swift */,
				47E54463215C2B4C00218AEC /* Comment.swift */,
				47E54469215C345C00218AEC /* SearchableRecord.swift */,
			);
			path = Model;
			sourceTree = "<group>";
		};
		47C8C981215B1BFA007502F6 /* ModelController */ = {
			isa = PBXGroup;
			children = (
				47E54466215C2FCB00218AEC /* PostController.swift */,
			);
			path = ModelController;
			sourceTree = "<group>";
		};
		47C8C982215B1C02007502F6 /* ViewController */ = {
			isa = PBXGroup;
			children = (
				47943099215C1E39009F6114 /* PostListTableViewController.swift */,
				47E5445B215C20C700218AEC /* PostDetailTableViewController.swift */,
				47E5445D215C213500218AEC /* AddPostTableViewController.swift */,
				476694E8215D1F43007A0729 /* PhotoSelectViewController.swift */,
			);
			path = ViewController;
			sourceTree = "<group>";
		};
		47C8C983215B1C0A007502F6 /* Resources */ = {
			isa = PBXGroup;
			children = (
				47C8C96D215B1BD0007502F6 /* AppDelegate.swift */,
				47C8C974215B1BD1007502F6 /* Assets.xcassets */,
				47C8C976215B1BD1007502F6 /* LaunchScreen.storyboard */,
				47C8C979215B1BD1007502F6 /* Info.plist */,
			);
			path = Resources;
			sourceTree = "<group>";
		};
		47C8C985215B1C2A007502F6 /* Frameworks */ = {
			isa = PBXGroup;
			children = (
				47C8C986215B1C2A007502F6 /* CloudKit.framework */,
			);
			name = Frameworks;
			sourceTree = "<group>";
		};
		47E5446B215C3E7600218AEC /* View */ = {
			isa = PBXGroup;
			children = (
				47E5446C215C3E9400218AEC /* PostTableViewCell.swift */,
			);
			path = View;
			sourceTree = "<group>";
		};
		47E5446E215C720500218AEC /* Extension */ = {
			isa = PBXGroup;
			children = (
				47E5446F215C721300218AEC /* Extensions.swift */,
			);
			path = Extension;
			sourceTree = "<group>";
		};
/* End PBXGroup section */

/* Begin PBXNativeTarget section */
		47C8C969215B1BD0007502F6 /* Continuum */ = {
			isa = PBXNativeTarget;
			buildConfigurationList = 47C8C97C215B1BD1007502F6 /* Build configuration list for PBXNativeTarget "Continuum" */;
			buildPhases = (
				47C8C966215B1BD0007502F6 /* Sources */,
				47C8C967215B1BD0007502F6 /* Frameworks */,
				47C8C968215B1BD0007502F6 /* Resources */,
			);
			buildRules = (
			);
			dependencies = (
			);
			name = Continuum;
			productName = Continuum;
			productReference = 47C8C96A215B1BD0007502F6 /* Continuum.app */;
			productType = "com.apple.product-type.application";
		};
/* End PBXNativeTarget section */

/* Begin PBXProject section */
		47C8C962215B1BD0007502F6 /* Project object */ = {
			isa = PBXProject;
			attributes = {
				LastSwiftUpdateCheck = 1000;
				LastUpgradeCheck = 1000;
				ORGANIZATIONNAME = ramcomw;
				TargetAttributes = {
					47C8C969215B1BD0007502F6 = {
						CreatedOnToolsVersion = 10.0;
						SystemCapabilities = {
							com.apple.Push = {
								enabled = 1;
							};
							com.apple.iCloud = {
								enabled = 1;
							};
						};
					};
				};
			};
			buildConfigurationList = 47C8C965215B1BD0007502F6 /* Build configuration list for PBXProject "Continuum" */;
			compatibilityVersion = "Xcode 9.3";
			developmentRegion = en;
			hasScannedForEncodings = 0;
			knownRegions = (
				en,
				Base,
			);
			mainGroup = 47C8C961215B1BD0007502F6;
			productRefGroup = 47C8C96B215B1BD0007502F6 /* Products */;
			projectDirPath = "";
			projectRoot = "";
			targets = (
				47C8C969215B1BD0007502F6 /* Continuum */,
			);
		};
/* End PBXProject section */

/* Begin PBXResourcesBuildPhase section */
		47C8C968215B1BD0007502F6 /* Resources */ = {
			isa = PBXResourcesBuildPhase;
			buildActionMask = 2147483647;
			files = (
				47C8C978215B1BD1007502F6 /* LaunchScreen.storyboard in Resources */,
				47C8C975215B1BD1007502F6 /* Assets.xcassets in Resources */,
				47C8C973215B1BD0007502F6 /* Main.storyboard in Resources */,
			);
			runOnlyForDeploymentPostprocessing = 0;
		};
/* End PBXResourcesBuildPhase section */

/* Begin PBXSourcesBuildPhase section */
		47C8C966215B1BD0007502F6 /* Sources */ = {
			isa = PBXSourcesBuildPhase;
			buildActionMask = 2147483647;
			files = (
				47C8C96E215B1BD0007502F6 /* AppDelegate.swift in Sources */,
				47E54464215C2B4C00218AEC /* Comment.swift in Sources */,
				47E5446A215C345C00218AEC /* SearchableRecord.swift in Sources */,
				4794309A215C1E39009F6114 /* PostListTableViewController.swift in Sources */,
				47E5445E215C213500218AEC /* AddPostTableViewController.swift in Sources */,
				47E54470215C721300218AEC /* Extensions.swift in Sources */,
				476694E9215D1F43007A0729 /* PhotoSelectViewController.swift in Sources */,
				47E54467215C2FCB00218AEC /* PostController.swift in Sources */,
				47E5445C215C20C700218AEC /* PostDetailTableViewController.swift in Sources */,
				47E54460215C219E00218AEC /* Post.swift in Sources */,
				47E5446D215C3E9400218AEC /* PostTableViewCell.swift in Sources */,
			);
			runOnlyForDeploymentPostprocessing = 0;
		};
/* End PBXSourcesBuildPhase section */

/* Begin PBXVariantGroup section */
		47C8C971215B1BD0007502F6 /* Main.storyboard */ = {
			isa = PBXVariantGroup;
			children = (
				47C8C972215B1BD0007502F6 /* Base */,
			);
			name = Main.storyboard;
			sourceTree = "<group>";
		};
		47C8C976215B1BD1007502F6 /* LaunchScreen.storyboard */ = {
			isa = PBXVariantGroup;
			children = (
				47C8C977215B1BD1007502F6 /* Base */,
			);
			name = LaunchScreen.storyboard;
			sourceTree = "<group>";
		};
/* End PBXVariantGroup section */

/* Begin XCBuildConfiguration section */
		47C8C97A215B1BD1007502F6 /* Debug */ = {
			isa = XCBuildConfiguration;
			buildSettings = {
				ALWAYS_SEARCH_USER_PATHS = NO;
				CLANG_ANALYZER_NONNULL = YES;
				CLANG_ANALYZER_NUMBER_OBJECT_CONVERSION = YES_AGGRESSIVE;
				CLANG_CXX_LANGUAGE_STANDARD = "gnu++14";
				CLANG_CXX_LIBRARY = "libc++";
				CLANG_ENABLE_MODULES = YES;
				CLANG_ENABLE_OBJC_ARC = YES;
				CLANG_ENABLE_OBJC_WEAK = YES;
				CLANG_WARN_BLOCK_CAPTURE_AUTORELEASING = YES;
				CLANG_WARN_BOOL_CONVERSION = YES;
				CLANG_WARN_COMMA = YES;
				CLANG_WARN_CONSTANT_CONVERSION = YES;
				CLANG_WARN_DEPRECATED_OBJC_IMPLEMENTATIONS = YES;
				CLANG_WARN_DIRECT_OBJC_ISA_USAGE = YES_ERROR;
				CLANG_WARN_DOCUMENTATION_COMMENTS = YES;
				CLANG_WARN_EMPTY_BODY = YES;
				CLANG_WARN_ENUM_CONVERSION = YES;
				CLANG_WARN_INFINITE_RECURSION = YES;
				CLANG_WARN_INT_CONVERSION = YES;
				CLANG_WARN_NON_LITERAL_NULL_CONVERSION = YES;
				CLANG_WARN_OBJC_IMPLICIT_RETAIN_SELF = YES;
				CLANG_WARN_OBJC_LITERAL_CONVERSION = YES;
				CLANG_WARN_OBJC_ROOT_CLASS = YES_ERROR;
				CLANG_WARN_RANGE_LOOP_ANALYSIS = YES;
				CLANG_WARN_STRICT_PROTOTYPES = YES;
				CLANG_WARN_SUSPICIOUS_MOVE = YES;
				CLANG_WARN_UNGUARDED_AVAILABILITY = YES_AGGRESSIVE;
				CLANG_WARN_UNREACHABLE_CODE = YES;
				CLANG_WARN__DUPLICATE_METHOD_MATCH = YES;
				CODE_SIGN_IDENTITY = "iPhone Developer";
				COPY_PHASE_STRIP = NO;
				DEBUG_INFORMATION_FORMAT = dwarf;
				ENABLE_STRICT_OBJC_MSGSEND = YES;
				ENABLE_TESTABILITY = YES;
				GCC_C_LANGUAGE_STANDARD = gnu11;
				GCC_DYNAMIC_NO_PIC = NO;
				GCC_NO_COMMON_BLOCKS = YES;
				GCC_OPTIMIZATION_LEVEL = 0;
				GCC_PREPROCESSOR_DEFINITIONS = (
					"DEBUG=1",
					"$(inherited)",
				);
				GCC_WARN_64_TO_32_BIT_CONVERSION = YES;
				GCC_WARN_ABOUT_RETURN_TYPE = YES_ERROR;
				GCC_WARN_UNDECLARED_SELECTOR = YES;
				GCC_WARN_UNINITIALIZED_AUTOS = YES_AGGRESSIVE;
				GCC_WARN_UNUSED_FUNCTION = YES;
				GCC_WARN_UNUSED_VARIABLE = YES;
				IPHONEOS_DEPLOYMENT_TARGET = 12.0;
				MTL_ENABLE_DEBUG_INFO = INCLUDE_SOURCE;
				MTL_FAST_MATH = YES;
				ONLY_ACTIVE_ARCH = YES;
				SDKROOT = iphoneos;
				SWIFT_ACTIVE_COMPILATION_CONDITIONS = DEBUG;
				SWIFT_OPTIMIZATION_LEVEL = "-Onone";
			};
			name = Debug;
		};
		47C8C97B215B1BD1007502F6 /* Release */ = {
			isa = XCBuildConfiguration;
			buildSettings = {
				ALWAYS_SEARCH_USER_PATHS = NO;
				CLANG_ANALYZER_NONNULL = YES;
				CLANG_ANALYZER_NUMBER_OBJECT_CONVERSION = YES_AGGRESSIVE;
				CLANG_CXX_LANGUAGE_STANDARD = "gnu++14";
				CLANG_CXX_LIBRARY = "libc++";
				CLANG_ENABLE_MODULES = YES;
				CLANG_ENABLE_OBJC_ARC = YES;
				CLANG_ENABLE_OBJC_WEAK = YES;
				CLANG_WARN_BLOCK_CAPTURE_AUTORELEASING = YES;
				CLANG_WARN_BOOL_CONVERSION = YES;
				CLANG_WARN_COMMA = YES;
				CLANG_WARN_CONSTANT_CONVERSION = YES;
				CLANG_WARN_DEPRECATED_OBJC_IMPLEMENTATIONS = YES;
				CLANG_WARN_DIRECT_OBJC_ISA_USAGE = YES_ERROR;
				CLANG_WARN_DOCUMENTATION_COMMENTS = YES;
				CLANG_WARN_EMPTY_BODY = YES;
				CLANG_WARN_ENUM_CONVERSION = YES;
				CLANG_WARN_INFINITE_RECURSION = YES;
				CLANG_WARN_INT_CONVERSION = YES;
				CLANG_WARN_NON_LITERAL_NULL_CONVERSION = YES;
				CLANG_WARN_OBJC_IMPLICIT_RETAIN_SELF = YES;
				CLANG_WARN_OBJC_LITERAL_CONVERSION = YES;
				CLANG_WARN_OBJC_ROOT_CLASS = YES_ERROR;
				CLANG_WARN_RANGE_LOOP_ANALYSIS = YES;
				CLANG_WARN_STRICT_PROTOTYPES = YES;
				CLANG_WARN_SUSPICIOUS_MOVE = YES;
				CLANG_WARN_UNGUARDED_AVAILABILITY = YES_AGGRESSIVE;
				CLANG_WARN_UNREACHABLE_CODE = YES;
				CLANG_WARN__DUPLICATE_METHOD_MATCH = YES;
				CODE_SIGN_IDENTITY = "iPhone Developer";
				COPY_PHASE_STRIP = NO;
				DEBUG_INFORMATION_FORMAT = "dwarf-with-dsym";
				ENABLE_NS_ASSERTIONS = NO;
				ENABLE_STRICT_OBJC_MSGSEND = YES;
				GCC_C_LANGUAGE_STANDARD = gnu11;
				GCC_NO_COMMON_BLOCKS = YES;
				GCC_WARN_64_TO_32_BIT_CONVERSION = YES;
				GCC_WARN_ABOUT_RETURN_TYPE = YES_ERROR;
				GCC_WARN_UNDECLARED_SELECTOR = YES;
				GCC_WARN_UNINITIALIZED_AUTOS = YES_AGGRESSIVE;
				GCC_WARN_UNUSED_FUNCTION = YES;
				GCC_WARN_UNUSED_VARIABLE = YES;
				IPHONEOS_DEPLOYMENT_TARGET = 12.0;
				MTL_ENABLE_DEBUG_INFO = NO;
				MTL_FAST_MATH = YES;
				SDKROOT = iphoneos;
				SWIFT_COMPILATION_MODE = wholemodule;
				SWIFT_OPTIMIZATION_LEVEL = "-O";
				VALIDATE_PRODUCT = YES;
			};
			name = Release;
		};
		47C8C97D215B1BD1007502F6 /* Debug */ = {
			isa = XCBuildConfiguration;
			buildSettings = {
				ASSETCATALOG_COMPILER_APPICON_NAME = AppIcon;
				CODE_SIGN_ENTITLEMENTS = Continuum/Continuum.entitlements;
				CODE_SIGN_STYLE = Automatic;
				DEVELOPMENT_TEAM = L7AYJDAX2C;
				INFOPLIST_FILE = "$(SRCROOT)/Continuum/Resources/Info.plist";
				LD_RUNPATH_SEARCH_PATHS = (
					"$(inherited)",
					"@executable_path/Frameworks",
				);
				PRODUCT_BUNDLE_IDENTIFIER = com.ramcomw.i2v.Continuum;
				PRODUCT_NAME = "$(TARGET_NAME)";
				SWIFT_VERSION = 4.2;
				TARGETED_DEVICE_FAMILY = "1,2";
			};
			name = Debug;
		};
		47C8C97E215B1BD1007502F6 /* Release */ = {
			isa = XCBuildConfiguration;
			buildSettings = {
				ASSETCATALOG_COMPILER_APPICON_NAME = AppIcon;
				CODE_SIGN_ENTITLEMENTS = Continuum/Continuum.entitlements;
				CODE_SIGN_STYLE = Automatic;
				DEVELOPMENT_TEAM = L7AYJDAX2C;
				INFOPLIST_FILE = "$(SRCROOT)/Continuum/Resources/Info.plist";
				LD_RUNPATH_SEARCH_PATHS = (
					"$(inherited)",
					"@executable_path/Frameworks",
				);
				PRODUCT_BUNDLE_IDENTIFIER = com.ramcomw.i2v.Continuum;
				PRODUCT_NAME = "$(TARGET_NAME)";
				SWIFT_VERSION = 4.2;
				TARGETED_DEVICE_FAMILY = "1,2";
			};
			name = Release;
		};
/* End XCBuildConfiguration section */

/* Begin XCConfigurationList section */
		47C8C965215B1BD0007502F6 /* Build configuration list for PBXProject "Continuum" */ = {
			isa = XCConfigurationList;
			buildConfigurations = (
				47C8C97A215B1BD1007502F6 /* Debug */,
				47C8C97B215B1BD1007502F6 /* Release */,
			);
			defaultConfigurationIsVisible = 0;
			defaultConfigurationName = Release;
		};
		47C8C97C215B1BD1007502F6 /* Build configuration list for PBXNativeTarget "Continuum" */ = {
			isa = XCConfigurationList;
			buildConfigurations = (
				47C8C97D215B1BD1007502F6 /* Debug */,
				47C8C97E215B1BD1007502F6 /* Release */,
			);
			defaultConfigurationIsVisible = 0;
			defaultConfigurationName = Release;
		};
/* End XCConfigurationList section */
	};
	rootObject = 47C8C962215B1BD0007502F6 /* Project object */;
}
